
Microsoft Visual Studio Solution File, Format Version 12.00
# Visual Studio Version 17
VisualStudioVersion = 17.1.32210.238
MinimumVisualStudioVersion = 10.0.40219.1
Project("{9A19103F-16F7-4668-BE54-9A1E7A4F7556}") = "ConsoleApp2", "ConsoleApp2\ConsoleApp2.csproj", "{201D6FCE-E459-47A0-B2AE-512BECE45D16}"
EndProject
Global
	GlobalSection(SolutionConfigurationPlatforms) = preSolution
		Debug|Any CPU = Debug|Any CPU
		Release|Any CPU = Release|Any CPU
	EndGlobalSection
	GlobalSection(ProjectConfigurationPlatforms) = postSolution
		{201D6FCE-E459-47A0-B2AE-512BECE45D16}.Debug|Any CPU.ActiveCfg = Debug|Any CPU
		{201D6FCE-E459-47A0-B2AE-512BECE45D16}.Debug|Any CPU.Build.0 = Debug|Any CPU
		{201D6FCE-E459-47A0-B2AE-512BECE45D16}.Release|Any CPU.ActiveCfg = Release|Any CPU
		{201D6FCE-E459-47A0-B2AE-512BECE45D16}.Release|Any CPU.Build.0 = Release|Any CPU
	EndGlobalSection
	GlobalSection(SolutionProperties) = preSolution
		HideSolutionNode = FALSE
	EndGlobalSection
	GlobalSection(ExtensibilityGlobals) = postSolution
		SolutionGuid = {A433BD6C-B467-4D68-B6A2-CF686A3CC1B5}
	EndGlobalSection
EndGlobal
